c2sp.org/CCTV/age v0.0.0-20240306222714-3ec4d716e805 h1:u2qwJeEvnypw+OCPUHmoZE3IqwfuN5kgDfo5MLzpNM0=
c2sp.org/CCTV/age v0.0.0-20240306222714-3ec4d716e805/go.mod h1:FomMrUJ2Lxt5jCLmZkG3FHa72zUprnhd3v/Z18Snm4w=
cuelabs.dev/go/oci/ociregistry v0.0.0-20260601085548-328ff8e2c943 h1:XUtzi/yWlmuy8V6kkmVbbmirmUqcFe9Ce3gmEaHXf1Q=
cuelabs.dev/go/oci/ociregistry v0.0.0-20260601085548-328ff8e2c943/go.mod h1:WjmQxb+W6nVNCgj8nXrF24lIz95AHwnSl36tpjDZSU8=
cuelang.org/go v0.17.0 h1:PrijS5ofUD01yiG11w74I04laXKLaBiMhEYvdt8Gb/A=
cuelang.org/go v0.17.0/go.mod h1:xlly/o1wSLvxOsi5vkQGieU0rLOt7TvUIizOFtnxHRU=
filippo.io/age v1.2.1 h1:X0TZjehAZylOIj4DubWYU1vWQxv9bJpo+Uu2/LGhi1o=
filippo.io/age v1.2.1/go.mod h1:JL9ew2lTN+Pyft4RiNGguFfOpewKwSHm5ayKD/A4004=
github.com/cockroachdb/apd/v3 v3.2.3 h1:4Zx+I3R35bFXMnltzmjP79i2cravE4jTRL6ps9Aux80=
github.com/cockroachdb/apd/v3 v3.2.3/go.mod h1:klXJcjp+FffLTHlhIG69tezTDvdP065naDsHzKhYSqc=
github.com/creack/pty v1.1.9/go.mod h1:oKZEueFk5CKHvIhNR5MUki03XCEU+Q6VDXinZuGJ33E=
github.com/davecgh/go-spew v1.1.0/go.mod h1:J7Y8YcW2NihsgmVo/mv3lAwl/skON4iLHjSsI+c5H38=
github.com/davecgh/go-spew v1.1.1 h1:vj9j/u1bqnvCEfJOwUhtlOARqs3+rkHYY13jYWTU97c=
github.com/davecgh/go-spew v1.1.1/go.mod h1:J7Y8YcW2NihsgmVo/mv3lAwl/skON4iLHjSsI+c5H38=
github.com/emicklei/proto v1.14.3 h1:zEhlzNkpP8kN6utonKMzlPfIvy82t5Kb9mufaJxSe1Q=
github.com/emicklei/proto v1.14.3/go.mod h1:rn1FgRS/FANiZdD2djyH7TMA9jdRDcYQ9IEN9yvjX0A=
github.com/go-errors/errors v1.4.2 h1:J6MZopCL4uSllY1OfXM374weqZFFItUbrImctkmUxIA=
github.com/go-errors/errors v1.4.2/go.mod h1:sIVyrIiJhuEF+Pj9Ebtd6P/rEYROXFi3BopGUQ5a5Og=
github.com/go-openapi/jsonpointer v0.19.6/go.mod h1:osyAmYz/mB/C3I+WsTTSgw1ONzaLJoLCyoi6/zppojs=
github.com/go-openapi/jsonpointer v0.21.0 h1:YgdVicSA9vH5RiHs9TZW5oyafXZFc6+2Vc1rr/O9oNQ=
github.com/go-openapi/jsonpointer v0.21.0/go.mod h1:IUyH9l/+uyhIYQ/PXVA41Rexl+kOkAPDdXEYns6fzUY=
github.com/go-openapi/jsonreference v0.20.2 h1:3sVjiK66+uXK/6oQ8xgcRKcFgQ5KXa2KvnJRumpMGbE=
github.com/go-openapi/jsonreference v0.20.2/go.mod h1:Bl1zwGIM8/wsvqjsOQLJ/SH+En5Ap4rVB5KVcIDZG2k=
github.com/go-openapi/swag v0.22.3/go.mod h1:UzaqsxGiab7freDnrUUra0MwWfN/q7tE4j+VcZ0yl14=
github.com/go-openapi/swag v0.25.4 h1:OyUPUFYDPDBMkqyxOTkqDYFnrhuhi9NR6QVUvIochMU=
github.com/go-openapi/swag v0.25.4/go.mod h1:zNfJ9WZABGHCFg2RnY0S4IOkAcVTzJ6z2Bi+Q4i6qFQ=
github.com/go-openapi/swag/cmdutils v0.25.4 h1:8rYhB5n6WawR192/BfUu2iVlxqVR9aRgGJP6WaBoW+4=
github.com/go-openapi/swag/cmdutils v0.25.4/go.mod h1:pdae/AFo6WxLl5L0rq87eRzVPm/XRHM3MoYgRMvG4A0=
github.com/go-openapi/swag/conv v0.25.4 h1:/Dd7p0LZXczgUcC/Ikm1+YqVzkEeCc9LnOWjfkpkfe4=
github.com/go-openapi/swag/conv v0.25.4/go.mod h1:3LXfie/lwoAv0NHoEuY1hjoFAYkvlqI/Bn5EQDD3PPU=
github.com/go-openapi/swag/fileutils v0.25.4 h1:2oI0XNW5y6UWZTC7vAxC8hmsK/tOkWXHJQH4lKjqw+Y=
github.com/go-openapi/swag/fileutils v0.25.4/go.mod h1:cdOT/PKbwcysVQ9Tpr0q20lQKH7MGhOEb6EwmHOirUk=
github.com/go-openapi/swag/jsonname v0.25.4 h1:bZH0+MsS03MbnwBXYhuTttMOqk+5KcQ9869Vye1bNHI=
github.com/go-openapi/swag/jsonname v0.25.4/go.mod h1:GPVEk9CWVhNvWhZgrnvRA6utbAltopbKwDu8mXNUMag=
github.com/go-openapi/swag/jsonutils v0.25.4 h1:VSchfbGhD4UTf4vCdR2F4TLBdLwHyUDTd1/q4i+jGZA=
github.com/go-openapi/swag/jsonutils v0.25.4/go.mod h1:7OYGXpvVFPn4PpaSdPHJBtF0iGnbEaTk8AvBkoWnaAY=
github.com/go-openapi/swag/jsonutils/fixtures_test v0.25.4 h1:IACsSvBhiNJwlDix7wq39SS2Fh7lUOCJRmx/4SN4sVo=
github.com/go-openapi/swag/jsonutils/fixtures_test v0.25.4/go.mod h1:Mt0Ost9l3cUzVv4OEZG+WSeoHwjWLnarzMePNDAOBiM=
github.com/go-openapi/swag/loading v0.25.4 h1:jN4MvLj0X6yhCDduRsxDDw1aHe+ZWoLjW+9ZQWIKn2s=
github.com/go-openapi/swag/loading v0.25.4/go.mod h1:rpUM1ZiyEP9+mNLIQUdMiD7dCETXvkkC30z53i+ftTE=
github.com/go-openapi/swag/mangling v0.25.4 h1:2b9kBJk9JvPgxr36V23FxJLdwBrpijI26Bx5JH4Hp48=
github.com/go-openapi/swag/mangling v0.25.4/go.mod h1:6dxwu6QyORHpIIApsdZgb6wBk/DPU15MdyYj/ikn0Hg=
github.com/go-openapi/swag/netutils v0.25.4 h1:Gqe6K71bGRb3ZQLusdI8p/y1KLgV4M/k+/HzVSqT8H0=
github.com/go-openapi/swag/netutils v0.25.4/go.mod h1:m2W8dtdaoX7oj9rEttLyTeEFFEBvnAx9qHd5nJEBzYg=
github.com/go-openapi/swag/stringutils v0.25.4 h1:O6dU1Rd8bej4HPA3/CLPciNBBDwZj9HiEpdVsb8B5A8=
github.com/go-openapi/swag/stringutils v0.25.4/go.mod h1:GTsRvhJW5xM5gkgiFe0fV3PUlFm0dr8vki6/VSRaZK0=
github.com/go-openapi/swag/typeutils v0.25.4 h1:1/fbZOUN472NTc39zpa+YGHn3jzHWhv42wAJSN91wRw=
github.com/go-openapi/swag/typeutils v0.25.4/go.mod h1:Ou7g//Wx8tTLS9vG0UmzfCsjZjKhpjxayRKTHXf2pTE=
github.com/go-openapi/swag/yamlutils v0.25.4 h1:6jdaeSItEUb7ioS9lFoCZ65Cne1/RZtPBZ9A56h92Sw=
github.com/go-openapi/swag/yamlutils v0.25.4/go.mod h1:MNzq1ulQu+yd8Kl7wPOut/YHAAU/H6hL91fF+E2RFwc=
github.com/go-openapi/testify/enable/yaml/v2 v2.0.2 h1:0+Y41Pz1NkbTHz8NngxTuAXxEodtNSI1WG1c/m5Akw4=
github.com/go-openapi/testify/enable/yaml/v2 v2.0.2/go.mod h1:kme83333GCtJQHXQ8UKX3IBZu6z8T5Dvy5+CW3NLUUg=
github.com/go-openapi/testify/v2 v2.0.2 h1:X999g3jeLcoY8qctY/c/Z8iBHTbwLz7R2WXd6Ub6wls=
github.com/go-openapi/testify/v2 v2.0.2/go.mod h1:HCPmvFFnheKK2BuwSA0TbbdxJ3I16pjwMkYkP4Ywn54=
github.com/go-quicktest/qt v1.102.0 h1:HSQxCeh5YZH3EL3W39ixjtyaEhcWSXQHtHnMBzSs474=
github.com/go-quicktest/qt v1.102.0/go.mod h1:p4lGIVX+8Wa6ZPNDvqcxq36XpUDLh42FLetFU7odllI=
github.com/google/gnostic-models v0.7.0 h1:qwTtogB15McXDaNqTZdzPJRHvaVJlAl+HVQnLmJEJxo=
github.com/google/gnostic-models v0.7.0/go.mod h1:whL5G0m6dmc5cPxKc5bdKdEN3UjI7OUGxBlw57miDrQ=
github.com/google/go-cmp v0.7.0 h1:wk8382ETsv4JYUZwIsn6YpYiWiBsYLSJiTsyBybVuN8=
github.com/google/go-cmp v0.7.0/go.mod h1:pXiqmnSA92OHEEa9HXL2W4E7lf9JzCmGVUdgjX3N/iU=
github.com/google/uuid v1.6.0 h1:NIvaJDMOsjHA8n1jAhLSgzrAzy1Hgr+hNrb57e+94F0=
github.com/google/uuid v1.6.0/go.mod h1:TIyPZe4MgqvfeYDBFedMoGGpEw/LqOeaOT+nhxU+yHo=
github.com/josharian/intern v1.0.0/go.mod h1:5DoeVV0s6jJacbCEi61lwdGj/aVlrQvzHFFd8Hwg//Y=
github.com/kr/pretty v0.2.1/go.mod h1:ipq/a2n7PKx3OHsz4KJII5eveXtPO4qwEXGdVfWzfnI=
github.com/kr/pretty v0.3.1 h1:flRD4NNwYAUpkphVc1HcthR4KEIFJ65n8Mw5qdRn3LE=
github.com/kr/pretty v0.3.1/go.mod h1:hoEshYVHaxMs3cyo3Yncou5ZscifuDolrwPKZanG3xk=
github.com/kr/pty v1.1.1/go.mod h1:pFQYn66WHrOpPYNljwOMqo10TkYh1fy3cYio2l3bCsQ=
github.com/kr/text v0.1.0/go.mod h1:4Jbv+DJW3UT/LiOwJeYQe1efqtUx/iVham/4vfdArNI=
github.com/kr/text v0.2.0 h1:5Nx0Ya0ZqY2ygV366QzturHI13Jq95ApcVaJBhpS+AY=
github.com/kr/text v0.2.0/go.mod h1:eLer722TekiGuMkidMxC/pM04lWEeraHUUmBw8l2grE=
github.com/kylelemons/godebug v1.1.0 h1:RPNrshWIDI6G2gRW9EHilWtl7Z6Sb1BR0xunSBf0SNc=
github.com/kylelemons/godebug v1.1.0/go.mod h1:9/0rRGxNHcop5bhtWyNeEfOS8JIWk580+fNqagV/RAw=
github.com/lib/pq v1.10.7 h1:p7ZhMD+KsSRozJr34udlUrhboJwWAgCg34+/ZZNvZZw=
github.com/lib/pq v1.10.7/go.mod h1:AlVN5x4E4T544tWzH6hKfbfQvm3HdbOxrmggDNAPY9o=
github.com/mailru/easyjson v0.7.7/go.mod h1:xzfreul335JAWq5oZzymOObrkdz5UnU4kGfJJLY9Nlc=
github.com/mitchellh/go-wordwrap v1.0.1 h1:TLuKupo69TCn6TQSyGxwI1EblZZEsQ0vMlAFQflz0v0=
github.com/mitchellh/go-wordwrap v1.0.1/go.mod h1:R62XHJLzvMFRBbcrT7m7WgmE1eOyTSsCt+hzestvNj0=
github.com/monochromegane/go-gitignore v0.0.0-20200626010858-205db1a8cc00 h1:n6/2gBQ3RWajuToeY6ZtZTIKv2v7ThUy5KKusIT0yc0=
github.com/monochromegane/go-gitignore v0.0.0-20200626010858-205db1a8cc00/go.mod h1:Pm3mSP3c5uWn86xMLZ5Sa7JB9GsEZySvHYXCTK4E9q4=
github.com/opencontainers/go-digest v1.0.0 h1:apOUWs51W5PlhuyGyz9FCeeBIOUDA/6nW8Oi/yOhh5U=
github.com/opencontainers/go-digest v1.0.0/go.mod h1:0JzlMkj0TRzQZfJkVvzbP0HBR3IKzErnv2BNG4W4MAM=
github.com/opencontainers/image-spec v1.1.1 h1:y0fUlFfIZhPF1W537XOLg0/fcx6zcHCJwooC2xJA040=
github.com/opencontainers/image-spec v1.1.1/go.mod h1:qpqAh3Dmcf36wStyyWU+kCeDgrGnAve2nCC8+7h8Q0M=
github.com/pelletier/go-toml/v2 v2.3.1 h1:MYEvvGnQjeNkRF1qUuGolNtNExTDwct51yp7olPtrEc=
github.com/pelletier/go-toml/v2 v2.3.1/go.mod h1:2gIqNv+qfxSVS7cM2xJQKtLSTLUE9V8t9Stt+h56mCY=
github.com/pmezard/go-difflib v1.0.0 h1:4DBwDE0NGyQoBHbLQYPwSUPoCMWR5BEzIk/f1lZbAQM=
github.com/pmezard/go-difflib v1.0.0/go.mod h1:iKH77koFhYxTK1pcRnkKkqfTogsbg7gZNVY4sRDYZ/4=
github.com/protocolbuffers/txtpbfmt v0.0.0-20260420112717-c39628bde8b5 h1:Mckui8l+Wqz2Ve7XQvsE8SbHNmDWu8NA7Xce5NFJ/kM=
github.com/protocolbuffers/txtpbfmt v0.0.0-20260420112717-c39628bde8b5/go.mod h1:JSbkp0BviKovYYt9XunS95M3mLPibE9bGg+Y95DsEEY=
github.com/rogpeppe/go-internal v1.15.0 h1:D0RCU5rMAp+SpgkiNdrjfJ+LX4J1M32V2NeCY7EJ6hc=
github.com/rogpeppe/go-internal v1.15.0/go.mod h1:DrUVZyrJU+txYW5/1kwtXQSMFio52ZOxX7yM1VHvnxs=
github.com/sergi/go-diff v1.4.0 h1:n/SP9D5ad1fORl+llWyN+D6qoUETXNZARKjyY2/KVCw=
github.com/sergi/go-diff v1.4.0/go.mod h1:A0bzQcvG0E7Rwjx0REVgAGH58e96+X0MeOfepqsbeW4=
github.com/stretchr/objx v0.1.0/go.mod h1:HFkY916IF+rwdDfMAkV7OtwuqBVzrE8GR6GFx+wExME=
github.com/stretchr/objx v0.4.0/go.mod h1:YvHI0jy2hoMjB+UWwv71VJQ9isScKT/TqJzVSSt89Yw=
github.com/stretchr/objx v0.5.0/go.mod h1:Yh+to48EsGEfYuaHDzXPcE3xhTkx73EhmCGUpEOglKo=
github.com/stretchr/objx v0.5.2 h1:xuMeJ0Sdp5ZMRXx/aWO6RZxdr3beISkG5/G/aIRr3pY=
github.com/stretchr/objx v0.5.2/go.mod h1:FRsXN1f5AsAjCGJKqEizvkpNtU+EGNCLh3NxZ/8L+MA=
github.com/stretchr/testify v1.7.0/go.mod h1:6Fq8oRcR53rry900zMqJjRRixrwX3KX962/h/Wwjteg=
github.com/stretchr/testify v1.7.1/go.mod h1:6Fq8oRcR53rry900zMqJjRRixrwX3KX962/h/Wwjteg=
github.com/stretchr/testify v1.8.0/go.mod h1:yNjHg4UonilssWZ8iaSj1OCr/vHnekPRkoO+kdMU+MU=
github.com/stretchr/testify v1.8.1/go.mod h1:w2LPCIKwWwSfY2zedu0+kehJoqGctiVI29o6fzry7u4=
github.com/stretchr/testify v1.10.0 h1:Xv5erBjTwe/5IxqUQTdXv5kgmIvbHo3QQyRwhJsOfJA=
github.com/stretchr/testify v1.10.0/go.mod h1:r2ic/lqez/lEtzL7wO/rwa5dbSLXVDPFyf8C91i36aY=
github.com/xlab/treeprint v1.2.0 h1:HzHnuAF1plUN2zGlAFHbSQP2qJ0ZAD3XF5XD7OesXRQ=
github.com/xlab/treeprint v1.2.0/go.mod h1:gj5Gd3gPdKtR1ikdDK6fnFLdmIS0X30kTTuNd/WEJu0=
go.yaml.in/yaml/v2 v2.4.2 h1:DzmwEr2rDGHl7lsFgAHxmNz/1NlQ7xLIrlN2h5d1eGI=
go.yaml.in/yaml/v2 v2.4.2/go.mod h1:081UH+NErpNdqlCXm3TtEran0rJZGxAYx9hb/ELlsPU=
go.yaml.in/yaml/v3 v3.0.4 h1:tfq32ie2Jv2UxXFdLJdh3jXuOzWiL1fo0bu/FbuKpbc=
go.yaml.in/yaml/v3 v3.0.4/go.mod h1:DhzuOOF2ATzADvBadXxruRBLzYTpT36CKvDb3+aBEFg=
golang.org/x/crypto v0.53.0 h1:QZ4Muo8THX6CizN2vPPd5fBGHyogrdK9fG4wLPFUsto=
golang.org/x/crypto v0.53.0/go.mod h1:DNLU434OwVakk9PzuwV8w62mAJpRJL3vsgcfp4Qnsio=
golang.org/x/mod v0.37.0 h1:vF1DjpVEshcIqoEaauuHebaLk1O1forxjxBaVn884JQ=
golang.org/x/mod v0.37.0/go.mod h1:m8S8VeM9r4dzDwjrKO0a1sZP3YjeMamRRlD+fmR2Q/0=
golang.org/x/net v0.56.0 h1:Rw8j/hFzGvJUZwNBXnAtf5sVDVt+65SK2C7IxCxZt5o=
golang.org/x/net v0.56.0/go.mod h1:D3Ku6r+V6JROoZK144D2XfMHFcMq/0zSfLelVTCFKec=
golang.org/x/oauth2 v0.36.0 h1:peZ/1z27fi9hUOFCAZaHyrpWG5lwe0RJEEEeH0ThlIs=
golang.org/x/oauth2 v0.36.0/go.mod h1:YDBUJMTkDnJS+A4BP4eZBjCqtokkg1hODuPjwiGPO7Q=
golang.org/x/sync v0.21.0 h1:HLII4xRRTtCRkxYp4HNFF0Js/Og6q2i++KXbg0gHCwM=
golang.org/x/sync v0.21.0/go.mod h1:9xrNwdLfx4jkKbNva9FpL6vEN7evnE43NNNJQ2LF3+0=
golang.org/x/sys v0.46.0 h1:noSf2Fq6F8DBgS+LysIkx7rIExoNHJsxOAtPp4rthXw=
golang.org/x/sys v0.46.0/go.mod h1:4GL1E5IUh+htKOUEOaiffhrAeqysfVGipDYzABqnCmw=
golang.org/x/text v0.38.0 h1:sXmwo9DwP3OK9EZ7PqAdaooSGozfl/3a6/xJcbzPRhE=
golang.org/x/text v0.38.0/go.mod h1:YXZt3QhHUKYT53r2lLKFIVi6Ao1jdzrTR/KQ09qyxF4=
golang.org/x/tools v0.45.0 h1:18qN3FAooORvApf5XjCXgsuayZOEtXf6JK18I3+ONa8=
golang.org/x/tools v0.45.0/go.mod h1:LuUGqqaXcXMEFEruIVJVm5mgDD8vww/z/SR1gQ4uE/0=
google.golang.org/protobuf v1.36.11 h1:fV6ZwhNocDyBLK0dj+fg8ektcVegBBuEolpbTQyBNVE=
google.golang.org/protobuf v1.36.11/go.mod h1:HTf+CrKn2C3g5S8VImy6tdcUvCska2kB7j23XfzDpco=
gopkg.in/check.v1 v0.0.0-20161208181325-20d25e280405/go.mod h1:Co6ibVJAznAaIkqp8huTwlJQCZ016jof/cbN4VW5Yz0=
gopkg.in/check.v1 v1.0.0-20201130134442-10cb98267c6c h1:Hei/4ADfdWqJk1ZMxUNpqntNwaWcugrBjAiHlqqRiVk=
gopkg.in/check.v1 v1.0.0-20201130134442-10cb98267c6c/go.mod h1:JHkPIbrfpd72SG/EVd6muEfDQjcINNoR0C8j2r3qZ4Q=
gopkg.in/yaml.v3 v3.0.0-20200313102051-9f266ea9e77c/go.mod h1:K4uyk7z7BCEPqu6E+C64Yfv1cQ7kz7rIZviUmN+EgEM=
gopkg.in/yaml.v3 v3.0.1 h1:fxVm/GzAzEWqLHuvctI91KS9hhNmmWOoWu0XTYJS7CA=
gopkg.in/yaml.v3 v3.0.1/go.mod h1:K4uyk7z7BCEPqu6E+C64Yfv1cQ7kz7rIZviUmN+EgEM=
k8s.io/kube-openapi v0.0.0-20260502001324-b7f5293f4787 h1:kHv8PETbPIVHfqKBYwTNNSjqChf/7xn3JOS3re+NWs8=
k8s.io/kube-openapi v0.0.0-20260502001324-b7f5293f4787/go.mod h1:Cyq7UE0QtGe+Zo+/6XFrxiS4Mq0tLyQEONkFzSkfp9o=
sigs.k8s.io/json v0.0.0-20221116044647-bc3834ca7abd h1:EDPBXCAspyGV4jQlpZSudPeMmr1bNJefnuqLsRAsHZo=
sigs.k8s.io/json v0.0.0-20221116044647-bc3834ca7abd/go.mod h1:B8JuhiUyNFVKdsE8h686QcCxMaH6HrOAZj4vswFpcB0=
sigs.k8s.io/kustomize/kyaml v0.21.1 h1:IVlbmhC076nf6foyL6Taw4BkrLuEsXUXNpsE+ScX7fI=
sigs.k8s.io/kustomize/kyaml v0.21.1/go.mod h1:hmxADesM3yUN2vbA5z1/YTBnzLJ1dajdqpQonwBL1FQ=
sigs.k8s.io/randfill v1.0.0 h1:JfjMILfT8A6RbawdsK2JXGBR5AQVfd+9TbzrlneTyrU=
sigs.k8s.io/randfill v1.0.0/go.mod h1:XeLlZ/jmk4i1HRopwe7/aU3H5n1zNUcX6TM94b3QxOY=
sigs.k8s.io/yaml v1.6.0 h1:G8fkbMSAFqgEFgh4b1wmtzDnioxFCUgTZhlbj5P9QYs=
sigs.k8s.io/yaml v1.6.0/go.mod h1:796bPqUfzR/0jLAl6XjHl3Ck7MiyVv8dbTdyT3/pMf4=
